{
  "lockfileVersion": 1,
  "configVersion": 1,
  "workspaces": {
    "": {
      "name": "webdiag",
      "dependencies": {
        "puppeteer": "25.10.0",
        "retire": "^5.7.0",
        "zod": "4.5.4",
      },
      "devDependencies": {
        "@biomejs/biome": "2.5.12",
        "@types/bun": "1.3.14",
        "typescript": "5.9.3",
      },
    },
  },
  "packages": {
    "@biomejs/biome": ["@biomejs/biome@2.5.12", "https://omc-075263945110.d.codeartifact.us-east-1.amazonaws.com/npm/omc-design-system/@biomejs/biome/-/biome-2.5.12.tgz", { "optionalDependencies": { "@biomejs/cli-darwin-arm64": "2.5.12", "@biomejs/cli-darwin-x64": "2.5.12", "@biomejs/cli-linux-arm64": "2.5.12", "@biomejs/cli-linux-arm64-musl": "2.5.12", "@biomejs/cli-linux-x64": "2.5.12", "@biomejs/cli-linux-x64-musl": "2.5.12", "@biomejs/cli-win32-arm64": "2.5.12", "@biomejs/cli-win32-x64": "2.5.12" }, "bin": { "biome": "bin/biome" } }, "sha512-Lw4VHZRebrReBBnlHa12JQjnIBm3JJAA55PDB9LbBVBF0q4RYphm6KfmIjqtPhf61MxZ5Q9KoK8R8x+7per5Aw=="],

    "@biomejs/cli-darwin-arm64": ["@biomejs/cli-darwin-arm64@2.5.12", "https://omc-075263945110.d.codeartifact.us-east-1.amazonaws.com/npm/omc-design-system/@biomejs/cli-darwin-arm64/-/cli-darwin-arm64-2.5.12.tgz", {}, "sha512-lCRY1rwgNeWNgTr4DI/u6ZwXTRwRLHAvbaio1YLLGS+4r1nhvB2ssyPqIpfUSmRveNfv0fn/N58C7CAdK2XVrg=="],

    "@biomejs/cli-darwin-x64": ["@biomejs/cli-darwin-x64@2.5.12", "https://omc-075263945110.d.codeartifact.us-east-1.amazonaws.com/npm/omc-design-system/@biomejs/cli-darwin-x64/-/cli-darwin-x64-2.5.12.tgz", {}, "sha512-vhPgwnh+6tN3ArdAXuET99xaNbFt7CG82Bqn+omHVLC5xdVx45JsYjGPmUIGNzjDek5XdNCP1HKksK7fn8+3bQ=="],

    "@biomejs/cli-linux-arm64": ["@biomejs/cli-linux-arm64@2.5.12", "https://omc-075263945110.d.codeartifact.us-east-1.amazonaws.com/npm/omc-design-system/@biomejs/cli-linux-arm64/-/cli-linux-arm64-2.5.12.tgz", {}, "sha512-2gp8aVwXYKdAtmBfRFCUuyDMcfN1ahHqUkGfLYrZlNRFmryMATLVvJgWKvyA8wu4Rwn5OSxM1UcUmOuOFNGeBQ=="],

    "@biomejs/cli-linux-arm64-musl": ["@biomejs/cli-linux-arm64-musl@2.5.12", "https://omc-075263945110.d.codeartifact.us-east-1.amazonaws.com/npm/omc-design-system/@biomejs/cli-linux-arm64-musl/-/cli-linux-arm64-musl-2.5.12.tgz", {}, "sha512-couHYjFLL5uuI8ne6zhT7KwEsXo5YP7ry/2xmEqah7qanu0YmfDi3mwJg47YXSuv/NpZj22CZzcRH/5c4gjPSQ=="],

    "@biomejs/cli-linux-x64": ["@biomejs/cli-linux-x64@2.5.12", "https://omc-075263945110.d.codeartifact.us-east-1.amazonaws.com/npm/omc-design-system/@biomejs/cli-linux-x64/-/cli-linux-x64-2.5.12.tgz", {}, "sha512-SnvOs3TSTiuia4SQOUNe1aWC9RT4+YkjcKnOhL/nsKOV0k5ycgBkDzF0lUxKn1V7Q8CLTRq6iV23ZAivHomRoA=="],

    "@biomejs/cli-linux-x64-musl": ["@biomejs/cli-linux-x64-musl@2.5.12", "https://omc-075263945110.d.codeartifact.us-east-1.amazonaws.com/npm/omc-design-system/@biomejs/cli-linux-x64-musl/-/cli-linux-x64-musl-2.5.12.tgz", {}, "sha512-8A0oDW58/w9f/PQNYuq0sGUZtGtGrkNF4Z6n0PUoXpLCshi85vtKTv1XSznQawhdE4MXJ8ufpzHXyLFe87M/+w=="],

    "@biomejs/cli-win32-arm64": ["@biomejs/cli-win32-arm64@2.5.12", "https://omc-075263945110.d.codeartifact.us-east-1.amazonaws.com/npm/omc-design-system/@biomejs/cli-win32-arm64/-/cli-win32-arm64-2.5.12.tgz", {}, "sha512-b9vtoZFsuZt1pdjNwJvXl0f+BpayRzV008uS2+JpmwIKdSE2qdu4A/l04FESwLoou5g2E/Qlec0xwJydZplH+A=="],

    "@biomejs/cli-win32-x64": ["@biomejs/cli-win32-x64@2.5.12", "https://omc-075263945110.d.codeartifact.us-east-1.amazonaws.com/npm/omc-design-system/@biomejs/cli-win32-x64/-/cli-win32-x64-2.5.12.tgz", {}, "sha512-B1R/l+CwEpKFSuqiwePzPNRk1EiJN8kc0UhdafNz6MZN9v5OFP9HYP1irptvWzHrwVI4blVNGMbxc5zt70m3IA=="],

    "@puppeteer/browsers": ["@puppeteer/browsers@3.2.2", "https://omc-075263945110.d.codeartifact.us-east-1.amazonaws.com/npm/omc-design-system/@puppeteer/browsers/-/browsers-3.2.2.tgz", { "dependencies": { "modern-tar": "^0.8.4", "yargs": "^18.0.0" }, "peerDependencies": { "proxy-agent": ">=8.0.1", "yauzl": "^2.10.0 || ^3.4.0" }, "optionalPeers": ["proxy-agent", "yauzl"], "bin": { "browsers": "lib/main-cli.js" } }, "sha512-q2BU4YfO9h/Wt7IcWPcggpOOqLk2Tbs1hDwolvKZrweRjy751OJBKMN9zO5bfD0pzU7X/tvKw/exQds4pM/LOg=="],

    "@tootallnate/quickjs-emscripten": ["@tootallnate/quickjs-emscripten@0.23.0", "https://omc-075263945110.d.codeartifact.us-east-1.amazonaws.com/npm/omc-design-system/@tootallnate/quickjs-emscripten/-/quickjs-emscripten-0.23.0.tgz", {}, "sha512-C5Mc6rdnsaJDjO3UpGW/CQTHtCKaYlScZTly4JIu97Jxo/odCiH0ITnDXSJPTOrEKk/ycSZ0AOgTmkDtkOsvIA=="],

    "@types/bun": ["@types/bun@1.3.14", "https://omc-075263945110.d.codeartifact.us-east-1.amazonaws.com/npm/omc-design-system/@types/bun/-/bun-1.3.14.tgz", { "dependencies": { "bun-types": "1.3.14" } }, "sha512-h1hFqFVcvAvD9j9K7ZW7vd82aSA+rTdznZa+5bwvCwqSB1jmmfLcbIWhOLx1/+boy/xmjgCs/OMUL8hRJSmnPw=="],

    "@types/node": ["@types/node@26.4.1", "https://omc-075263945110.d.codeartifact.us-east-1.amazonaws.com/npm/omc-design-system/@types/node/-/node-26.4.1.tgz", { "dependencies": { "undici-types": "~8.3.0" } }, "sha512-k97ENvZWtvA6yqz5/FS6a7duDgOPEeOQOc2iKS/nY6mX6qJUKtLnWzQS+Xj6tXweyj6ZcTAK2Qecetnvi9nCLA=="],

    "agent-base": ["agent-base@7.1.4", "https://omc-075263945110.d.codeartifact.us-east-1.amazonaws.com/npm/omc-design-system/agent-base/-/agent-base-7.1.4.tgz", {}, "sha512-MnA+YT8fwfJPgBx3m60MNqakm30XOkyIoH1y6huTQvC0PwZG7ki8NacLBcrPbNoo8vEZy7Jpuk7+jMO+CUovTQ=="],

    "ansi-colors": ["ansi-colors@4.1.3", "https://omc-075263945110.d.codeartifact.us-east-1.amazonaws.com/npm/omc-design-system/ansi-colors/-/ansi-colors-4.1.3.tgz", {}, "sha512-/6w/C21Pm1A7aZitlI5Ni/2J6FFQN8i1Cvz3kHABAAbw93v/NlvKdVOqz7CCWz/3iv/JplRSEEZ83XION15ovw=="],

    "ansi-regex": ["ansi-regex@6.3.0", "https://omc-075263945110.d.codeartifact.us-east-1.amazonaws.com/npm/omc-design-system/ansi-regex/-/ansi-regex-6.3.0.tgz", {}, "sha512-WpDfL7NO6j7tH88IDBNVdUJxDh9nmCteAVW9dsep846XdwF4naCBK+/tGLX3KJgcpgMRXCFlTM2hKGoK9FsdrQ=="],

    "ansi-styles": ["ansi-styles@6.2.3", "https://omc-075263945110.d.codeartifact.us-east-1.amazonaws.com/npm/omc-design-system/ansi-styles/-/ansi-styles-6.2.3.tgz", {}, "sha512-4Dj6M28JB+oAH8kFkTLUo+a2jwOFkuqb3yucU0CANcRRUbxS0cP0nZYCGjcc3BNXwRIsUVmDGgzawme7zvJHvg=="],

    "ast-types": ["ast-types@0.13.4", "https://omc-075263945110.d.codeartifact.us-east-1.amazonaws.com/npm/omc-design-system/ast-types/-/ast-types-0.13.4.tgz", { "dependencies": { "tslib": "^2.0.1" } }, "sha512-x1FCFnFifvYDDzTaLII71vG5uvDwgtmDTEVWAxrgeiR8VjMONcCXJx7E+USjDtHlwFmt9MysbqgF9b9Vjr6w+w=="],

    "astronomical": ["astronomical@3.2.0", "https://omc-075263945110.d.codeartifact.us-east-1.amazonaws.com/npm/omc-design-system/astronomical/-/astronomical-3.2.0.tgz", { "dependencies": { "meriyah": "^7.1.0" } }, "sha512-nRKPza8f1nYpAyymI5edTgWwo4+BRgeqFtyVrKgN0tBwi9eIlVL4UpSyAOYhUSoSTln7IEHtShGSYUPgnHzveg=="],

    "basic-ftp": ["basic-ftp@5.3.1", "https://omc-075263945110.d.codeartifact.us-east-1.amazonaws.com/npm/omc-design-system/basic-ftp/-/basic-ftp-5.3.1.tgz", {}, "sha512-bopVNp6ugyA150DDuZfPFdt1KZ5a94ZDiwX4hMgZDzF+GttD80lEy8kj98kbyhLXnPvhtIo93mdnLIjpCAeeOw=="],

    "bun-types": ["bun-types@1.3.14", "https://omc-075263945110.d.codeartifact.us-east-1.amazonaws.com/npm/omc-design-system/bun-types/-/bun-types-1.3.14.tgz", { "dependencies": { "@types/node": "*" } }, "sha512-4N0ig0fEomHt5R0KCFWjovxow98rIoRwKolrYdCcknNwMekCXRnWEUvgu5soYV8QXtVsrUD8B95MBOZGPvr6KQ=="],

    "chromium-bidi": ["chromium-bidi@17.0.2", "https://omc-075263945110.d.codeartifact.us-east-1.amazonaws.com/npm/omc-design-system/chromium-bidi/-/chromium-bidi-17.0.2.tgz", { "dependencies": { "mitt": "^3.0.1", "zod": "^3.24.1" }, "peerDependencies": { "devtools-protocol": "*" } }, "sha512-5v9GQFhTktFvotn/OFNJBmKLKRAb6n9r0bVCwf7sHgWc3/JryK0bj1nn93L3pHFrfgcsu6Be6EWsDi+1XHTGDg=="],

    "cliui": ["cliui@9.0.1", "https://omc-075263945110.d.codeartifact.us-east-1.amazonaws.com/npm/omc-design-system/cliui/-/cliui-9.0.1.tgz", { "dependencies": { "string-width": "^7.2.0", "strip-ansi": "^7.1.0", "wrap-ansi": "^9.0.0" } }, "sha512-k7ndgKhwoQveBL+/1tqGJYNz097I7WOvwbmmU2AR5+magtbjPWQTS1C5vzGkBC8Ym8UWRzfKUzUUqFLypY4Q+w=="],

    "commander": ["commander@10.0.1", "https://omc-075263945110.d.codeartifact.us-east-1.amazonaws.com/npm/omc-design-system/commander/-/commander-10.0.1.tgz", {}, "sha512-y4Mg2tXshplEbSGzx7amzPwKKOCGuoSRP/CjEdwwk0FOGlUbq6lKuoyDZTNZkmxHdJtp54hdfY/JUrdL7Xfdug=="],

    "data-uri-to-buffer": ["data-uri-to-buffer@6.0.2", "https://omc-075263945110.d.codeartifact.us-east-1.amazonaws.com/npm/omc-design-system/data-uri-to-buffer/-/data-uri-to-buffer-6.0.2.tgz", {}, "sha512-7hvf7/GW8e86rW0ptuwS3OcBGDjIi6SZva7hCyWC0yYry2cOPmLIjXAUHI6DK2HsnwJd9ifmt57i8eV2n4YNpw=="],

    "debug": ["debug@4.4.3", "https://omc-075263945110.d.codeartifact.us-east-1.amazonaws.com/npm/omc-design-system/debug/-/debug-4.4.3.tgz", { "dependencies": { "ms": "^2.1.3" } }, "sha512-RGwwWnwQvkVfavKVt22FGLw+xYSdzARwm0ru6DhTVA3umU5hZc28V3kO4stgYryrTlLpuvgI9GiijltAjNbcqA=="],

    "degenerator": ["degenerator@5.0.1", "https://omc-075263945110.d.codeartifact.us-east-1.amazonaws.com/npm/omc-design-system/degenerator/-/degenerator-5.0.1.tgz", { "dependencies": { "ast-types": "^0.13.4", "escodegen": "^2.1.0", "esprima": "^4.0.1" } }, "sha512-TllpMR/t0M5sqCXfj85i4XaAzxmS5tVA16dqvdkMwGmzI+dXLXnw3J+3Vdv7VKw+ThlTMboK6i9rnZ6Nntj5CQ=="],

    "devtools-protocol": ["devtools-protocol@0.0.1666840", "https://omc-075263945110.d.codeartifact.us-east-1.amazonaws.com/npm/omc-design-system/devtools-protocol/-/devtools-protocol-0.0.1666840.tgz", {}, "sha512-gCcO42XCHKEs7Ag0S7aGYsnJ7hlgrO3qderYqeiY0Eqk+0GFfuvT13IA0hHreJTa2KCdDVyGMeOhdMNmrrTjVg=="],

    "emoji-regex": ["emoji-regex@10.6.0", "https://omc-075263945110.d.codeartifact.us-east-1.amazonaws.com/npm/omc-design-system/emoji-regex/-/emoji-regex-10.6.0.tgz", {}, "sha512-toUI84YS5YmxW219erniWD0CIVOo46xGKColeNQRgOzDorgBi1v4D71/OFzgD9GO2UGKIv1C3Sp8DAn0+j5w7A=="],

    "escalade": ["escalade@3.2.0", "https://omc-075263945110.d.codeartifact.us-east-1.amazonaws.com/npm/omc-design-system/escalade/-/escalade-3.2.0.tgz", {}, "sha512-WUj2qlxaQtO4g6Pq5c29GTcWGDyd8itL8zTlipgECz3JesAiiOKotd8JU6otB3PACgG6xkJUyVhboMS+bje/jA=="],

    "escodegen": ["escodegen@2.1.0", "https://omc-075263945110.d.codeartifact.us-east-1.amazonaws.com/npm/omc-design-system/escodegen/-/escodegen-2.1.0.tgz", { "dependencies": { "esprima": "^4.0.1", "estraverse": "^5.2.0", "esutils": "^2.0.2" }, "optionalDependencies": { "source-map": "~0.6.1" }, "bin": { "esgenerate": "bin/esgenerate.js", "escodegen": "bin/escodegen.js" } }, "sha512-2NlIDTwUWJN0mRPQOdtQBzbUHvdGY2P1VXSyU83Q3xKxM7WHX2Ql8dKq782Q9TgQUNOLEzEYu9bzLNj1q88I5w=="],

    "esprima": ["esprima@4.0.1", "https://omc-075263945110.d.codeartifact.us-east-1.amazonaws.com/npm/omc-design-system/esprima/-/esprima-4.0.1.tgz", { "bin": { "esparse": "./bin/esparse.js", "esvalidate": "./bin/esvalidate.js" } }, "sha512-eGuFFw7Upda+g4p+QHvnW0RyTX/SVeJBDM/gCtMARO0cLuT2HcEKnTPvhjV6aGeqrCB/sbNop0Kszm0jsaWU4A=="],

    "estraverse": ["estraverse@5.3.0", "https://omc-075263945110.d.codeartifact.us-east-1.amazonaws.com/npm/omc-design-system/estraverse/-/estraverse-5.3.0.tgz", {}, "sha512-MMdARuVEQziNTeJD8DgMqmhwR11BRQ/cBP+pLtYdSTnf3MIO8fFeiINEbX36ZdNlfU/7A9f3gUw49B3oQsvwBA=="],

    "esutils": ["esutils@2.0.3", "https://omc-075263945110.d.codeartifact.us-east-1.amazonaws.com/npm/omc-design-system/esutils/-/esutils-2.0.3.tgz", {}, "sha512-kVscqXk4OCp68SZ0dkgEKVi6/8ij300KBWTJq32P/dYeWTSwK41WyTxalN1eRmA5Z9UU/LX9D7FWSmV9SAYx6g=="],

    "get-caller-file": ["get-caller-file@2.0.5", "https://omc-075263945110.d.codeartifact.us-east-1.amazonaws.com/npm/omc-design-system/get-caller-file/-/get-caller-file-2.0.5.tgz", {}, "sha512-DyFP3BM/3YHTQOCUL/w0OZHR0lpKeGrxotcHWcqNEdnltqFwXVfhEBQ94eIo34AfQpo0rGki4cyIiftY06h2Fg=="],

    "get-east-asian-width": ["get-east-asian-width@1.6.0", "https://omc-075263945110.d.codeartifact.us-east-1.amazonaws.com/npm/omc-design-system/get-east-asian-width/-/get-east-asian-width-1.6.0.tgz", {}, "sha512-QRbvDIbx6YklUe6RxeTeleMR0yv3cYH6PsPZHcnVn7xv7zO1BHN8r0XETu8n6Ye3Q+ahtSarc3WgtNWmehIBfA=="],

    "get-uri": ["get-uri@6.0.5", "https://omc-075263945110.d.codeartifact.us-east-1.amazonaws.com/npm/omc-design-system/get-uri/-/get-uri-6.0.5.tgz", { "dependencies": { "basic-ftp": "^5.0.2", "data-uri-to-buffer": "^6.0.2", "debug": "^4.3.4" } }, "sha512-b1O07XYq8eRuVzBNgJLstU6FYc1tS6wnMtF1I1D9lE8LxZSOGZ7LhxN54yPP6mGw5f2CkXY2BQUL9Fx41qvcIg=="],

    "http-proxy-agent": ["http-proxy-agent@7.0.2", "https://omc-075263945110.d.codeartifact.us-east-1.amazonaws.com/npm/omc-design-system/http-proxy-agent/-/http-proxy-agent-7.0.2.tgz", { "dependencies": { "agent-base": "^7.1.0", "debug": "^4.3.4" } }, "sha512-T1gkAiYYDWYx3V5Bmyu7HcfcvL7mUrTWiM6yOfa3PIphViJ/gFPbvidQ+veqSOHci/PxBcDabeUNCzpOODJZig=="],

    "https-proxy-agent": ["https-proxy-agent@7.0.6", "https://omc-075263945110.d.codeartifact.us-east-1.amazonaws.com/npm/omc-design-system/https-proxy-agent/-/https-proxy-agent-7.0.6.tgz", { "dependencies": { "agent-base": "^7.1.2", "debug": "4" } }, "sha512-vK9P5/iUfdl95AI+JVyUuIcVtd4ofvtrOr3HNtM2yxC9bnMbEdp3x01OhQNnjb8IJYi38VlTE3mBXwcfvywuSw=="],

    "ip-address": ["ip-address@10.7.0", "https://omc-075263945110.d.codeartifact.us-east-1.amazonaws.com/npm/omc-design-system/ip-address/-/ip-address-10.7.0.tgz", {}, "sha512-BGFsyJd5mpXp3rK6jIdADLNgpJUK1jnjzvYF8lK+VyDab9JAmqN0YOKDdP17HlgKb2+ehPgDc8EtnRLbGCAMhA=="],

    "lilconfig": ["lilconfig@3.1.3", "https://omc-075263945110.d.codeartifact.us-east-1.amazonaws.com/npm/omc-design-system/lilconfig/-/lilconfig-3.1.3.tgz", {}, "sha512-/vlFKAoH5Cgt3Ie+JLhRbwOsCQePABiU3tJ1egGvyQ+33R/vcwM2Zl2QR/LzjsBeItPt3oSVXapn+m4nQDvpzw=="],

    "lru-cache": ["lru-cache@7.18.3", "https://omc-075263945110.d.codeartifact.us-east-1.amazonaws.com/npm/omc-design-system/lru-cache/-/lru-cache-7.18.3.tgz", {}, "sha512-jumlc0BIUrS3qJGgIkWZsyfAM7NCWiBcCDhnd+3NNM5KbBmLTgHVfWBcg6W+rLUsIpzpERPsvwUP7CckAQSOoA=="],

    "meriyah": ["meriyah@7.3.3", "https://omc-075263945110.d.codeartifact.us-east-1.amazonaws.com/npm/omc-design-system/meriyah/-/meriyah-7.3.3.tgz", {}, "sha512-uE5cnoNj+UYhoMdZDuymCzr5TzEuE3ZF2C4kn6Z76rLhkwnvZ/+6dUZnM41T3fifyuhW0+n8vK7eq6DKJxUfPA=="],

    "mitt": ["mitt@3.0.1", "https://omc-075263945110.d.codeartifact.us-east-1.amazonaws.com/npm/omc-design-system/mitt/-/mitt-3.0.1.tgz", {}, "sha512-vKivATfr97l2/QBCYAkXYDbrIWPM2IIKEl7YPhjCvKlG3kE2gm+uBo6nEXK3M5/Ffh/FLpKExzOQ3JJoJGFKBw=="],

    "modern-tar": ["modern-tar@0.8.4", "https://omc-075263945110.d.codeartifact.us-east-1.amazonaws.com/npm/omc-design-system/modern-tar/-/modern-tar-0.8.4.tgz", {}, "sha512-gN54ddmyzEg10orwZ2u4OOv+bjpMWdIl5jIkodK97bMq8QBSL5c0D7YX0lT1Ooz+99S7+PvFbnxzdjgHo1r41g=="],

    "ms": ["ms@2.1.3", "https://omc-075263945110.d.codeartifact.us-east-1.amazonaws.com/npm/omc-design-system/ms/-/ms-2.1.3.tgz", {}, "sha512-6FlzubTLZG3J2a/NVCAleEhjzq5oxgHyaCU9yYXvcLsvoVaHJq/s5xXI6/XXP6tz7R9xAOtHnSO/tXtF3WRTlA=="],

    "netmask": ["netmask@2.1.1", "https://omc-075263945110.d.codeartifact.us-east-1.amazonaws.com/npm/omc-design-system/netmask/-/netmask-2.1.1.tgz", {}, "sha512-eonl3sLUha+S1GzTPxychyhnUzKyeQkZ7jLjKrBagJgPla13F+uQ71HgpFefyHgqrjEbCPkDArxYsjY8/+gLKA=="],

    "pac-proxy-agent": ["pac-proxy-agent@7.2.0", "https://omc-075263945110.d.codeartifact.us-east-1.amazonaws.com/npm/omc-design-system/pac-proxy-agent/-/pac-proxy-agent-7.2.0.tgz", { "dependencies": { "@tootallnate/quickjs-emscripten": "^0.23.0", "agent-base": "^7.1.2", "debug": "^4.3.4", "get-uri": "^6.0.1", "http-proxy-agent": "^7.0.0", "https-proxy-agent": "^7.0.6", "pac-resolver": "^7.0.1", "socks-proxy-agent": "^8.0.5" } }, "sha512-TEB8ESquiLMc0lV8vcd5Ql/JAKAoyzHFXaStwjkzpOpC5Yv+pIzLfHvjTSdf3vpa2bMiUQrg9i6276yn8666aA=="],

    "pac-resolver": ["pac-resolver@7.0.1", "https://omc-075263945110.d.codeartifact.us-east-1.amazonaws.com/npm/omc-design-system/pac-resolver/-/pac-resolver-7.0.1.tgz", { "dependencies": { "degenerator": "^5.0.0", "netmask": "^2.0.2" } }, "sha512-5NPgf87AT2STgwa2ntRMr45jTKrYBGkVU36yT0ig/n/GMAa3oPqhZfIQ2kMEimReg0+t9kZViDVZ83qfVUlckg=="],

    "proxy-agent": ["proxy-agent@6.5.0", "https://omc-075263945110.d.codeartifact.us-east-1.amazonaws.com/npm/omc-design-system/proxy-agent/-/proxy-agent-6.5.0.tgz", { "dependencies": { "agent-base": "^7.1.2", "debug": "^4.3.4", "http-proxy-agent": "^7.0.1", "https-proxy-agent": "^7.0.6", "lru-cache": "^7.14.1", "pac-proxy-agent": "^7.1.0", "proxy-from-env": "^1.1.0", "socks-proxy-agent": "^8.0.5" } }, "sha512-TmatMXdr2KlRiA2CyDu8GqR8EjahTG3aY3nXjdzFyoZbmB8hrBsTyMezhULIXKnC0jpfjlmiZ3+EaCzoInSu/A=="],

    "proxy-from-env": ["proxy-from-env@1.1.0", "https://omc-075263945110.d.codeartifact.us-east-1.amazonaws.com/npm/omc-design-system/proxy-from-env/-/proxy-from-env-1.1.0.tgz", {}, "sha512-D+zkORCbA9f1tdWRK0RaCR3GPv50cMxcrz4X8k5LTSUD1Dkw47mKJEZQNunItRTkWwgtaUSo1RVFRIG9ZXiFYg=="],

    "puppeteer": ["puppeteer@25.10.0", "https://omc-075263945110.d.codeartifact.us-east-1.amazonaws.com/npm/omc-design-system/puppeteer/-/puppeteer-25.10.0.tgz", { "dependencies": { "@puppeteer/browsers": "3.2.2", "chromium-bidi": "17.0.2", "devtools-protocol": "0.0.1666840", "lilconfig": "^3.1.3", "puppeteer-core": "25.10.0", "typed-query-selector": "^2.12.2" }, "bin": { "puppeteer": "lib/puppeteer/node/cli.js" } }, "sha512-9ZfkiaZDQWpGPJp9XTS+Bkn/D78hPvYmtjPfIBeybn05oeY6Jj7aiSbYdfcSQD2UMvC0vE7Yi9PSDo179euRzw=="],

    "puppeteer-core": ["puppeteer-core@25.10.0", "https://omc-075263945110.d.codeartifact.us-east-1.amazonaws.com/npm/omc-design-system/puppeteer-core/-/puppeteer-core-25.10.0.tgz", { "dependencies": { "@puppeteer/browsers": "3.2.2", "chromium-bidi": "17.0.2", "devtools-protocol": "0.0.1666840", "typed-query-selector": "^2.12.2", "webdriver-bidi-protocol": "0.4.3", "ws": "^8.21.3" } }, "sha512-Hy5eMQshOEMil4JUUx03h5pw1HYkYCso1RG/gcpPlFSd4cYPOcopxcXEAxpLPOkOPJb9LIJtwxuj66bSdvknFg=="],

    "retire": ["retire@5.7.0", "https://omc-075263945110.d.codeartifact.us-east-1.amazonaws.com/npm/omc-design-system/retire/-/retire-5.7.0.tgz", { "dependencies": { "ansi-colors": "^4.1.1", "astronomical": "^3.2.0", "commander": "^10.0.1", "proxy-agent": "^6.4.0", "walkdir": "0.4.1", "zod": "^3.22.4" }, "bin": { "retire": "lib/cli.js" } }, "sha512-v5u3d2+D9SNi8iwXqRI3SHc8N0ei/SE1Yv0uuemYLCvhRk5q4vihhT4KcI95wPuQj8zZLqjUwQ02xKHWMVbIhg=="],

    "smart-buffer": ["smart-buffer@4.2.0", "https://omc-075263945110.d.codeartifact.us-east-1.amazonaws.com/npm/omc-design-system/smart-buffer/-/smart-buffer-4.2.0.tgz", {}, "sha512-94hK0Hh8rPqQl2xXc3HsaBoOXKV20MToPkcXvwbISWLEs+64sBq5kFgn2kJDHb1Pry9yrP0dxrCI9RRci7RXKg=="],

    "socks": ["socks@2.8.10", "https://omc-075263945110.d.codeartifact.us-east-1.amazonaws.com/npm/omc-design-system/socks/-/socks-2.8.10.tgz", { "dependencies": { "ip-address": "^10.1.1", "smart-buffer": "^4.2.0" } }, "sha512-e0VyvkVTwVYViNovRkZ9aodhxVlyoMn7eJhVUPxZ+eK9P/7CBkxvvsBOHqFPEH416726W8tLXXXjKwqgTErrCQ=="],

    "socks-proxy-agent": ["socks-proxy-agent@8.0.5", "https://omc-075263945110.d.codeartifact.us-east-1.amazonaws.com/npm/omc-design-system/socks-proxy-agent/-/socks-proxy-agent-8.0.5.tgz", { "dependencies": { "agent-base": "^7.1.2", "debug": "^4.3.4", "socks": "^2.8.3" } }, "sha512-HehCEsotFqbPW9sJ8WVYB6UbmIMv7kUUORIF2Nncq4VQvBfNBLibW9YZR5dlYCSUhwcD628pRllm7n+E+YTzJw=="],

    "source-map": ["source-map@0.6.1", "https://omc-075263945110.d.codeartifact.us-east-1.amazonaws.com/npm/omc-design-system/source-map/-/source-map-0.6.1.tgz", {}, "sha512-UjgapumWlbMhkBgzT7Ykc5YXUT46F0iKu8SGXq0bcwP5dz/h0Plj6enJqjz1Zbq2l5WaqYnrVbwWOWMyF3F47g=="],

    "string-width": ["string-width@8.2.2", "https://omc-075263945110.d.codeartifact.us-east-1.amazonaws.com/npm/omc-design-system/string-width/-/string-width-8.2.2.tgz", { "dependencies": { "get-east-asian-width": "^1.5.0", "strip-ansi": "^7.1.2" } }, "sha512-GaPUh5gfdrYzqeVNZvUfT23vYYxXzKYidUcnMtJg/3rxRV63EFZy3k6xfKlmfeJD0176lnUV/Usr3XcwSvFzpg=="],

    "strip-ansi": ["strip-ansi@7.2.0", "https://omc-075263945110.d.codeartifact.us-east-1.amazonaws.com/npm/omc-design-system/strip-ansi/-/strip-ansi-7.2.0.tgz", { "dependencies": { "ansi-regex": "^6.2.2" } }, "sha512-yDPMNjp4WyfYBkHnjIRLfca1i6KMyGCtsVgoKe/z1+6vukgaENdgGBZt+ZmKPc4gavvEZ5OgHfHdrazhgNyG7w=="],

    "tslib": ["tslib@2.8.1", "https://omc-075263945110.d.codeartifact.us-east-1.amazonaws.com/npm/omc-design-system/tslib/-/tslib-2.8.1.tgz", {}, "sha512-oJFu94HQb+KVduSUQL7wnpmqnfmLsOA/nAh6b6EH0wCEoK0/mPeXU6c3wKDV83MkOuHPRHtSXKKU99IBazS/2w=="],

    "typed-query-selector": ["typed-query-selector@2.12.2", "https://omc-075263945110.d.codeartifact.us-east-1.amazonaws.com/npm/omc-design-system/typed-query-selector/-/typed-query-selector-2.12.2.tgz", {}, "sha512-EOPFbyIub4ngnEdqi2yOcNeDLaX/0jcE1JoAXQDDMIthap7FoN795lc/SHfIq2d416VufXpM8z/lD+WRm2gfOQ=="],

    "typescript": ["typescript@5.9.3", "https://omc-075263945110.d.codeartifact.us-east-1.amazonaws.com/npm/omc-design-system/typescript/-/typescript-5.9.3.tgz", { "bin": { "tsc": "bin/tsc", "tsserver": "bin/tsserver" } }, "sha512-jl1vZzPDinLr9eUt3J/t7V6FgNEw9QjvBPdysz9KfQDD41fQrC2Y4vKQdiaUpFT4bXlb1RHhLpp8wtm6M5TgSw=="],

    "undici-types": ["undici-types@8.3.0", "https://omc-075263945110.d.codeartifact.us-east-1.amazonaws.com/npm/omc-design-system/undici-types/-/undici-types-8.3.0.tgz", {}, "sha512-j375ScV60dom+YkPFIfTLcOiPxkN/buHz5GobjLhixFuANaNs3C9l4GmrWqejgXWJ7BbJcFYpTEUkS1Ge8bpZQ=="],

    "walkdir": ["walkdir@0.4.1", "https://omc-075263945110.d.codeartifact.us-east-1.amazonaws.com/npm/omc-design-system/walkdir/-/walkdir-0.4.1.tgz", {}, "sha512-3eBwRyEln6E1MSzcxcVpQIhRG8Q1jLvEqRmCZqS3dsfXEDR/AhOF4d+jHg1qvDCpYaVRZjENPQyrVxAkQqxPgQ=="],

    "webdriver-bidi-protocol": ["webdriver-bidi-protocol@0.4.3", "https://omc-075263945110.d.codeartifact.us-east-1.amazonaws.com/npm/omc-design-system/webdriver-bidi-protocol/-/webdriver-bidi-protocol-0.4.3.tgz", {}, "sha512-uuN0goWfxP22B7J/uAgBpOYNPttC+XVseYE+rSY5+rQ+YBeVz/VORw8WbmLVcqW78zNg5A4qnjNXYUWR3il2ig=="],

    "wrap-ansi": ["wrap-ansi@9.0.2", "https://omc-075263945110.d.codeartifact.us-east-1.amazonaws.com/npm/omc-design-system/wrap-ansi/-/wrap-ansi-9.0.2.tgz", { "dependencies": { "ansi-styles": "^6.2.1", "string-width": "^7.0.0", "strip-ansi": "^7.1.0" } }, "sha512-42AtmgqjV+X1VpdOfyTGOYRi0/zsoLqtXQckTmqTeybT+BDIbM/Guxo7x3pE2vtpr1ok6xRqM9OpBe+Jyoqyww=="],

    "ws": ["ws@8.21.3", "https://omc-075263945110.d.codeartifact.us-east-1.amazonaws.com/npm/omc-design-system/ws/-/ws-8.21.3.tgz", { "peerDependencies": { "bufferutil": "^4.0.1", "utf-8-validate": ">=5.0.2" }, "optionalPeers": ["bufferutil", "utf-8-validate"] }, "sha512-201TZ/kPWxoPr/OKWjquZR1SWKXcvxdH+e1xrx89b3YbmzLMFCLfnaG1HFIgWzJOEWZ7MvpK++odZufgYR50Rw=="],

    "y18n": ["y18n@5.0.8", "https://omc-075263945110.d.codeartifact.us-east-1.amazonaws.com/npm/omc-design-system/y18n/-/y18n-5.0.8.tgz", {}, "sha512-0pfFzegeDWJHJIAmTLRP2DwHjdF5s7jo9tuztdQxAhINCdvS+3nGINqPd00AphqJR/0LhANUS6/+7SCb98YOfA=="],

    "yargs": ["yargs@18.1.0", "https://omc-075263945110.d.codeartifact.us-east-1.amazonaws.com/npm/omc-design-system/yargs/-/yargs-18.1.0.tgz", { "dependencies": { "cliui": "^9.0.1", "escalade": "^3.1.1", "get-caller-file": "^2.0.5", "string-width": "^8.2.1", "y18n": "^5.0.5", "yargs-parser": "^22.0.0" } }, "sha512-2rAgRKu54VsHkqI0/tYkmluGXHD4KW7yZoycuqDQ15QOTnc2VVfy0nN/1eMhnQLO00A+dwtK20xuCnc1YGeUyg=="],

    "yargs-parser": ["yargs-parser@22.0.0", "https://omc-075263945110.d.codeartifact.us-east-1.amazonaws.com/npm/omc-design-system/yargs-parser/-/yargs-parser-22.0.0.tgz", {}, "sha512-rwu/ClNdSMpkSrUb+d6BRsSkLUq1fmfsY6TOpYzTwvwkg1/NRG85KBy3kq++A8LKQwX6lsu+aWad+2khvuXrqw=="],

    "zod": ["zod@4.5.4", "https://omc-075263945110.d.codeartifact.us-east-1.amazonaws.com/npm/omc-design-system/zod/-/zod-4.5.4.tgz", {}, "sha512-sC95tT5iHHH9gtpj6A81kh+NEaRAUFN+qlUPDUbRfOMvNf5QCBqsb3WgvnpVtK5Y+4UfA6KqufotuTvMGiTlsA=="],

    "chromium-bidi/zod": ["zod@3.25.76", "https://omc-075263945110.d.codeartifact.us-east-1.amazonaws.com/npm/omc-design-system/zod/-/zod-3.25.76.tgz", {}, "sha512-gzUt/qt81nXsFGKIFcC3YnfEAx5NkunCfnDlvuBSSFS02bcXu4Lmea0AFIUwbLWxWPx3d9p8S5QoaujKcNQxcQ=="],

    "cliui/string-width": ["string-width@7.2.0", "https://omc-075263945110.d.codeartifact.us-east-1.amazonaws.com/npm/omc-design-system/string-width/-/string-width-7.2.0.tgz", { "dependencies": { "emoji-regex": "^10.3.0", "get-east-asian-width": "^1.0.0", "strip-ansi": "^7.1.0" } }, "sha512-tsaTIkKW9b4N+AEj+SVA+WhJzV7/zMhcSu78mLKWSk7cXMOSHsBKFWUs0fWwq8QyK3MgJBQRX6Gbi4kYbdvGkQ=="],

    "retire/zod": ["zod@3.25.76", "https://omc-075263945110.d.codeartifact.us-east-1.amazonaws.com/npm/omc-design-system/zod/-/zod-3.25.76.tgz", {}, "sha512-gzUt/qt81nXsFGKIFcC3YnfEAx5NkunCfnDlvuBSSFS02bcXu4Lmea0AFIUwbLWxWPx3d9p8S5QoaujKcNQxcQ=="],

    "wrap-ansi/string-width": ["string-width@7.2.0", "https://omc-075263945110.d.codeartifact.us-east-1.amazonaws.com/npm/omc-design-system/string-width/-/string-width-7.2.0.tgz", { "dependencies": { "emoji-regex": "^10.3.0", "get-east-asian-width": "^1.0.0", "strip-ansi": "^7.1.0" } }, "sha512-tsaTIkKW9b4N+AEj+SVA+WhJzV7/zMhcSu78mLKWSk7cXMOSHsBKFWUs0fWwq8QyK3MgJBQRX6Gbi4kYbdvGkQ=="],
  }
}
